
Microsoft Visual Studio Solution File, Format Version 12.00
# Visual Studio Version 17
VisualStudioVersion = 17.3.32929.385
MinimumVisualStudioVersion = 10.0.40219.1
Project("{FAE04EC0-301F-11D3-BF4B-00C04F79EFBC}") = "CabInvoiceGeneratorProblem", "CabInvoiceGeneratorProblem.csproj", "{81983904-CD63-48D8-A7D0-696181E8B5E5}"
EndProject
Global
	GlobalSection(SolutionConfigurationPlatforms) = preSolution
		Debug|Any CPU = Debug|Any CPU
		Release|Any CPU = Release|Any CPU
	EndGlobalSection
	GlobalSection(ProjectConfigurationPlatforms) = postSolution
		{81983904-CD63-48D8-A7D0-696181E8B5E5}.Debug|Any CPU.ActiveCfg = Debug|Any CPU
		{81983904-CD63-48D8-A7D0-696181E8B5E5}.Debug|Any CPU.Build.0 = Debug|Any CPU
		{81983904-CD63-48D8-A7D0-696181E8B5E5}.Release|Any CPU.ActiveCfg = Release|Any CPU
		{81983904-CD63-48D8-A7D0-696181E8B5E5}.Release|Any CPU.Build.0 = Release|Any CPU
	EndGlobalSection
	GlobalSection(SolutionProperties) = preSolution
		HideSolutionNode = FALSE
	EndGlobalSection
	GlobalSection(ExtensibilityGlobals) = postSolution
		SolutionGuid = {A208026F-5076-4444-9089-69AE958FE4AD}
	EndGlobalSection
EndGlobal
